
Microsoft Visual Studio Solution File, Format Version 12.00
# Visual Studio Version 17
VisualStudioVersion = 17.6.33829.357
MinimumVisualStudioVersion = 10.0.40219.1
Project("{9A19103F-16F7-4668-BE54-9A1E7A4F7556}") = "Magic.Guangdong.Assistant", "Magic.Guangdong.Assistant\Magic.Guangdong.Assistant.csproj", "{90EC4777-858F-41B0-85E8-49036E908203}"
EndProject
Project("{9A19103F-16F7-4668-BE54-9A1E7A4F7556}") = "Magic.Guangdong.DbServices", "Magic.Guangdong.DbServices\Magic.Guangdong.DbServices.csproj", "{717F175F-7A5C-4C17-B3D0-884B1A939537}"
EndProject
Project("{9A19103F-16F7-4668-BE54-9A1E7A4F7556}") = "Magic.Guangdong.Exam", "Magic.Guangdong.Exam\Magic.Guangdong.Exam.csproj", "{1F659979-96A9-4EC2-91F2-72A07BB3480A}"
EndProject
Project("{9A19103F-16F7-4668-BE54-9A1E7A4F7556}") = "Magic.Guangdong.Exam.Client", "Magic.Guangdong.Exam.Client\Magic.Guangdong.Exam.Client.csproj", "{C378ECBD-E0D5-436F-B873-5E44E25CE13C}"
EndProject
Project("{2150E333-8FDC-42A3-9474-1A3956D46DE8}") = "Solution Items", "Solution Items", "{8269D169-F8B2-47D6-89BE-6E399024AFA3}"
	ProjectSection(SolutionItems) = preProject
		.editorconfig = .editorconfig
	EndProjectSection
EndProject
Project("{9A19103F-16F7-4668-BE54-9A1E7A4F7556}") = "Magic.Guangdong.Exam.Teacher", "Magic.Guangdong.Exam.Teacher\Magic.Guangdong.Exam.Teacher.csproj", "{497D23FD-8968-4E60-9F64-500F183DB7D1}"
EndProject
Project("{9A19103F-16F7-4668-BE54-9A1E7A4F7556}") = "Magic.Cxxy.DbServices", "Magic.Cxxy.DbServices\Magic.Cxxy.DbServices.csproj", "{1751252B-580D-43DA-A28F-82D0D65870BF}"
EndProject
Project("{FAE04EC0-301F-11D3-BF4B-00C04F79EFBC}") = "Magic.Passport.DbServices", "Magic.Passport.DbServices\Magic.Passport.DbServices.csproj", "{E328F26A-31A5-452A-AD21-4D410FA98A2E}"
EndProject
Global
	GlobalSection(SolutionConfigurationPlatforms) = preSolution
		Debug|Any CPU = Debug|Any CPU
		Release|Any CPU = Release|Any CPU
	EndGlobalSection
	GlobalSection(ProjectConfigurationPlatforms) = postSolution
		{90EC4777-858F-41B0-85E8-49036E908203}.Debug|Any CPU.ActiveCfg = Debug|Any CPU
		{90EC4777-858F-41B0-85E8-49036E908203}.Debug|Any CPU.Build.0 = Debug|Any CPU
		{90EC4777-858F-41B0-85E8-49036E908203}.Release|Any CPU.ActiveCfg = Release|Any CPU
		{90EC4777-858F-41B0-85E8-49036E908203}.Release|Any CPU.Build.0 = Release|Any CPU
		{717F175F-7A5C-4C17-B3D0-884B1A939537}.Debug|Any CPU.ActiveCfg = Debug|Any CPU
		{717F175F-7A5C-4C17-B3D0-884B1A939537}.Debug|Any CPU.Build.0 = Debug|Any CPU
		{717F175F-7A5C-4C17-B3D0-884B1A939537}.Release|Any CPU.ActiveCfg = Release|Any CPU
		{717F175F-7A5C-4C17-B3D0-884B1A939537}.Release|Any CPU.Build.0 = Release|Any CPU
		{1F659979-96A9-4EC2-91F2-72A07BB3480A}.Debug|Any CPU.ActiveCfg = Debug|Any CPU
		{1F659979-96A9-4EC2-91F2-72A07BB3480A}.Debug|Any CPU.Build.0 = Debug|Any CPU
		{1F659979-96A9-4EC2-91F2-72A07BB3480A}.Release|Any CPU.ActiveCfg = Release|Any CPU
		{1F659979-96A9-4EC2-91F2-72A07BB3480A}.Release|Any CPU.Build.0 = Release|Any CPU
		{C378ECBD-E0D5-436F-B873-5E44E25CE13C}.Debug|Any CPU.ActiveCfg = Debug|Any CPU
		{C378ECBD-E0D5-436F-B873-5E44E25CE13C}.Debug|Any CPU.Build.0 = Debug|Any CPU
		{C378ECBD-E0D5-436F-B873-5E44E25CE13C}.Release|Any CPU.ActiveCfg = Release|Any CPU
		{C378ECBD-E0D5-436F-B873-5E44E25CE13C}.Release|Any CPU.Build.0 = Release|Any CPU
		{497D23FD-8968-4E60-9F64-500F183DB7D1}.Debug|Any CPU.ActiveCfg = Debug|Any CPU
		{497D23FD-8968-4E60-9F64-500F183DB7D1}.Debug|Any CPU.Build.0 = Debug|Any CPU
		{497D23FD-8968-4E60-9F64-500F183DB7D1}.Release|Any CPU.ActiveCfg = Release|Any CPU
		{497D23FD-8968-4E60-9F64-500F183DB7D1}.Release|Any CPU.Build.0 = Release|Any CPU
		{1751252B-580D-43DA-A28F-82D0D65870BF}.Debug|Any CPU.ActiveCfg = Debug|Any CPU
		{1751252B-580D-43DA-A28F-82D0D65870BF}.Debug|Any CPU.Build.0 = Debug|Any CPU
		{1751252B-580D-43DA-A28F-82D0D65870BF}.Release|Any CPU.ActiveCfg = Release|Any CPU
		{1751252B-580D-43DA-A28F-82D0D65870BF}.Release|Any CPU.Build.0 = Release|Any CPU
		{E328F26A-31A5-452A-AD21-4D410FA98A2E}.Debug|Any CPU.ActiveCfg = Debug|Any CPU
		{E328F26A-31A5-452A-AD21-4D410FA98A2E}.Debug|Any CPU.Build.0 = Debug|Any CPU
		{E328F26A-31A5-452A-AD21-4D410FA98A2E}.Release|Any CPU.ActiveCfg = Release|Any CPU
		{E328F26A-31A5-452A-AD21-4D410FA98A2E}.Release|Any CPU.Build.0 = Release|Any CPU
	EndGlobalSection
	GlobalSection(SolutionProperties) = preSolution
		HideSolutionNode = FALSE
	EndGlobalSection
	GlobalSection(ExtensibilityGlobals) = postSolution
		SolutionGuid = {1ECDFCBB-383D-4336-BC7C-E590E8423AA1}
	EndGlobalSection
EndGlobal
